// !$*UTF8*$!
{
	archiveVersion = 1;
	classes = {
	};
	objectVersion = 50;
	objects = {

/* Begin PBXBuildFile section */
		5417AFF321F0D76C009E34A7 /* PassThrough.metal in Sources */ = {isa = PBXBuildFile; fileRef = 5417AFF121F0D76C009E34A7 /* PassThrough.metal */; };
		5417AFF421F0D76C009E34A7 /* MetalRenderer.swift in Sources */ = {isa = PBXBuildFile; fileRef = 5417AFF221F0D76C009E34A7 /* MetalRenderer.swift */; };
		541FE09C21F1FF2800226D2F /* MagicEye.swift in Sources */ = {isa = PBXBuildFile; fileRef = 541FE09B21F1FF2800226D2F /* MagicEye.swift */; };
		54C1C7CB21EA32BB006960E7 /* UIImage+RGBA.swift in Sources */ = {isa = PBXBuildFile; fileRef = 54C1C7CA21EA32BB006960E7 /* UIImage+RGBA.swift */; };
		54CBB02321EDE4F400C850E2 /* MagicEyeFilter.swift in Sources */ = {isa = PBXBuildFile; fileRef = 54CBB02221EDE4F400C850E2 /* MagicEyeFilter.swift */; };
		54D0021721EA0CBC003D4522 /* AppDelegate.swift in Sources */ = {isa = PBXBuildFile; fileRef = 54D0021621EA0CBC003D4522 /* AppDelegate.swift */; };
		54D0021921EA0CBC003D4522 /* ViewController.swift in Sources */ = {isa = PBXBuildFile; fileRef = 54D0021821EA0CBC003D4522 /* ViewController.swift */; };
		54D0021C21EA0CBC003D4522 /* Main.storyboard in Resources */ = {isa = PBXBuildFile; fileRef = 54D0021A21EA0CBC003D4522 /* Main.storyboard */; };
		54D0021E21EA0CBD003D4522 /* Assets.xcassets in Resources */ = {isa = PBXBuildFile; fileRef = 54D0021D21EA0CBD003D4522 /* Assets.xcassets */; };
		54D0022121EA0CBD003D4522 /* LaunchScreen.storyboard in Resources */ = {isa = PBXBuildFile; fileRef = 54D0021F21EA0CBD003D4522 /* LaunchScreen.storyboard */; };
/* End PBXBuildFile section */

/* Begin PBXFileReference section */
		5417AFF121F0D76C009E34A7 /* PassThrough.metal */ = {isa = PBXFileReference; fileEncoding = 4; lastKnownFileType = sourcecode.metal; path = PassThrough.metal; sourceTree = "<group>"; };
		5417AFF221F0D76C009E34A7 /* MetalRenderer.swift */ = {isa = PBXFileReference; fileEncoding = 4; lastKnownFileType = sourcecode.swift; path = MetalRenderer.swift; sourceTree = "<group>"; };
		541FE09B21F1FF2800226D2F /* MagicEye.swift */ = {isa = PBXFileReference; lastKnownFileType = sourcecode.swift; path = MagicEye.swift; sourceTree = "<group>"; };
		54C1C7CA21EA32BB006960E7 /* UIImage+RGBA.swift */ = {isa = PBXFileReference; lastKnownFileType = sourcecode.swift; path = "UIImage+RGBA.swift"; sourceTree = "<group>"; };
		54CBB02221EDE4F400C850E2 /* MagicEyeFilter.swift */ = {isa = PBXFileReference; lastKnownFileType = sourcecode.swift; path = MagicEyeFilter.swift; sourceTree = "<group>"; };
		54D0021321EA0CBC003D4522 /* MagicEye.app */ = {isa = PBXFileReference; explicitFileType = wrapper.application; includeInIndex = 0; path = MagicEye.app; sourceTree = BUILT_PRODUCTS_DIR; };
		54D0021621EA0CBC003D4522 /* AppDelegate.swift */ = {isa = PBXFileReference; lastKnownFileType = sourcecode.swift; path = AppDelegate.swift; sourceTree = "<group>"; };
		54D0021821EA0CBC003D4522 /* ViewController.swift */ = {isa = PBXFileReference; lastKnownFileType = sourcecode.swift; path = ViewController.swift; sourceTree = "<group>"; };
		54D0021B21EA0CBC003D4522 /* Base */ = {isa = PBXFileReference; lastKnownFileType = file.storyboard; name = Base; path = Base.lproj/Main.storyboard; sourceTree = "<group>"; };
		54D0021D21EA0CBD003D4522 /* Assets.xcassets */ = {isa = PBXFileReference; lastKnownFileType = folder.assetcatalog; path = Assets.xcassets; sourceTree = "<group>"; };
		54D0022021EA0CBD003D4522 /* Base */ = {isa = PBXFileReference; lastKnownFileType = file.storyboard; name = Base; path = Base.lproj/LaunchScreen.storyboard; sourceTree = "<group>"; };
		54D0022221EA0CBD003D4522 /* Info.plist */ = {isa = PBXFileReference; lastKnownFileType = text.plist.xml; path = Info.plist; sourceTree = "<group>"; };
/* End PBXFileReference section */

/* Begin PBXFrameworksBuildPhase section */
		54D0021021EA0CBC003D4522 /* Frameworks */ = {
			isa = PBXFrameworksBuildPhase;
			buildActionMask = 2147483647;
			files = (
			);
			runOnlyForDeploymentPostprocessing = 0;
		};
/* End PBXFrameworksBuildPhase section */

/* Begin PBXGroup section */
		54D0020A21EA0CBC003D4522 = {
			isa = PBXGroup;
			children = (
				54D0021521EA0CBC003D4522 /* MagicEye */,
				54D0021421EA0CBC003D4522 /* Products */,
			);
			sourceTree = "<group>";
		};
		54D0021421EA0CBC003D4522 /* Products */ = {
			isa = PBXGroup;
			children = (
				54D0021321EA0CBC003D4522 /* MagicEye.app */,
			);
			name = Products;
			sourceTree = "<group>";
		};
		54D0021521EA0CBC003D4522 /* MagicEye */ = {
			isa = PBXGroup;
			children = (
				54D0021621EA0CBC003D4522 /* AppDelegate.swift */,
				54D0021821EA0CBC003D4522 /* ViewController.swift */,
				541FE09B21F1FF2800226D2F /* MagicEye.swift */,
				54CBB02221EDE4F400C850E2 /* MagicEyeFilter.swift */,
				54C1C7CA21EA32BB006960E7 /* UIImage+RGBA.swift */,
				5417AFF221F0D76C009E34A7 /* MetalRenderer.swift */,
				5417AFF121F0D76C009E34A7 /* PassThrough.metal */,
				54D0021A21EA0CBC003D4522 /* Main.storyboard */,
				54D0021D21EA0CBD003D4522 /* Assets.xcassets */,
				54D0021F21EA0CBD003D4522 /* LaunchScreen.storyboard */,
				54D0022221EA0CBD003D4522 /* Info.plist */,
			);
			path = MagicEye;
			sourceTree = "<group>";
		};
/* End PBXGroup section */

/* Begin PBXNativeTarget section */
		54D0021221EA0CBC003D4522 /* MagicEye */ = {
			isa = PBXNativeTarget;
			buildConfigurationList = 54D0022521EA0CBD003D4522 /* Build configuration list for PBXNativeTarget "MagicEye" */;
			buildPhases = (
				54D0020F21EA0CBC003D4522 /* Sources */,
				54D0021021EA0CBC003D4522 /* Frameworks */,
				54D0021121EA0CBC003D4522 /* Resources */,
			);
			buildRules = (
			);
			dependencies = (
			);
			name = MagicEye;
			productName = MagicEye;
			productReference = 54D0021321EA0CBC003D4522 /* MagicEye.app */;
			productType = "com.apple.product-type.application";
		};
/* End PBXNativeTarget section */

/* Begin PBXProject section */
		54D0020B21EA0CBC003D4522 /* Project object */ = {
			isa = PBXProject;
			attributes = {
				LastSwiftUpdateCheck = 1010;
				LastUpgradeCheck = 1010;
				ORGANIZATIONNAME = "Klemenz, Oliver";
				TargetAttributes = {
					54D0021221EA0CBC003D4522 = {
						CreatedOnToolsVersion = 10.1;
					};
				};
			};
			buildConfigurationList = 54D0020E21EA0CBC003D4522 /* Build configuration list for PBXProject "MagicEye" */;
			compatibilityVersion = "Xcode 9.3";
			developmentRegion = en;
			hasScannedForEncodings = 0;
			knownRegions = (
				en,
				Base,
			);
			mainGroup = 54D0020A21EA0CBC003D4522;
			productRefGroup = 54D0021421EA0CBC003D4522 /* Products */;
			projectDirPath = "";
			projectRoot = "";
			targets = (
				54D0021221EA0CBC003D4522 /* MagicEye */,
			);
		};
/* End PBXProject section */

/* Begin PBXResourcesBuildPhase section */
		54D0021121EA0CBC003D4522 /* Resources */ = {
			isa = PBXResourcesBuildPhase;
			buildActionMask = 2147483647;
			files = (
				54D0022121EA0CBD003D4522 /* LaunchScreen.storyboard in Resources */,
				54D0021E21EA0CBD003D4522 /* Assets.xcassets in Resources */,
				54D0021C21EA0CBC003D4522 /* Main.storyboard in Resources */,
			);
			runOnlyForDeploymentPostprocessing = 0;
		};
/* End PBXResourcesBuildPhase section */

/* Begin PBXSourcesBuildPhase section */
		54D0020F21EA0CBC003D4522 /* Sources */ = {
			isa = PBXSourcesBuildPhase;
			buildActionMask = 2147483647;
			files = (
				54CBB02321EDE4F400C850E2 /* MagicEyeFilter.swift in Sources */,
				54D0021921EA0CBC003D4522 /* ViewController.swift in Sources */,
				5417AFF421F0D76C009E34A7 /* MetalRenderer.swift in Sources */,
				54C1C7CB21EA32BB006960E7 /* UIImage+RGBA.swift in Sources */,
				5417AFF321F0D76C009E34A7 /* PassThrough.metal in Sources */,
				54D0021721EA0CBC003D4522 /* AppDelegate.swift in Sources */,
				541FE09C21F1FF2800226D2F /* MagicEye.swift in Sources */,
			);
			runOnlyForDeploymentPostprocessing = 0;
		};
/* End PBXSourcesBuildPhase section */

/* Begin PBXVariantGroup section */
		54D0021A21EA0CBC003D4522 /* Main.storyboard */ = {
			isa = PBXVariantGroup;
			children = (
				54D0021B21EA0CBC003D4522 /* Base */,
			);
			name = Main.storyboard;
			sourceTree = "<group>";
		};
		54D0021F21EA0CBD003D4522 /* LaunchScreen.storyboard */ = {
			isa = PBXVariantGroup;
			children = (
				54D0022021EA0CBD003D4522 /* Base */,
			);
			name = LaunchScreen.storyboard;
			sourceTree = "<group>";
		};
/* End PBXVariantGroup section */

/* Begin XCBuildConfiguration section */
		54D0022321EA0CBD003D4522 /* Debug */ = {
			isa = XCBuildConfiguration;
			buildSettings = {
				ALWAYS_SEARCH_USER_PATHS = NO;
				CLANG_ANALYZER_NONNULL = YES;
				CLANG_ANALYZER_NUMBER_OBJECT_CONVERSION = YES_AGGRESSIVE;
				CLANG_CXX_LANGUAGE_STANDARD = "gnu++14";
				CLANG_CXX_LIBRARY = "libc++";
				CLANG_ENABLE_MODULES = YES;
				CLANG_ENABLE_OBJC_ARC = YES;
				CLANG_ENABLE_OBJC_WEAK = YES;
				CLANG_WARN_BLOCK_CAPTURE_AUTORELEASING = YES;
				CLANG_WARN_BOOL_CONVERSION = YES;
				CLANG_WARN_COMMA = YES;
				CLANG_WARN_CONSTANT_CONVERSION = YES;
				CLANG_WARN_DEPRECATED_OBJC_IMPLEMENTATIONS = YES;
				CLANG_WARN_DIRECT_OBJC_ISA_USAGE = YES_ERROR;
				CLANG_WARN_DOCUMENTATION_COMMENTS = YES;
				CLANG_WARN_EMPTY_BODY = YES;
				CLANG_WARN_ENUM_CONVERSION = YES;
				CLANG_WARN_INFINITE_RECURSION = YES;
				CLANG_WARN_INT_CONVERSION = YES;
				CLANG_WARN_NON_LITERAL_NULL_CONVERSION = YES;
				CLANG_WARN_OBJC_IMPLICIT_RETAIN_SELF = YES;
				CLANG_WARN_OBJC_LITERAL_CONVERSION = YES;
				CLANG_WARN_OBJC_ROOT_CLASS = YES_ERROR;
				CLANG_WARN_RANGE_LOOP_ANALYSIS = YES;
				CLANG_WARN_STRICT_PROTOTYPES = YES;
				CLANG_WARN_SUSPICIOUS_MOVE = YES;
				CLANG_WARN_UNGUARDED_AVAILABILITY = YES_AGGRESSIVE;
				CLANG_WARN_UNREACHABLE_CODE = YES;
				CLANG_WARN__DUPLICATE_METHOD_MATCH = YES;
				CODE_SIGN_IDENTITY = "iPhone Developer";
				COPY_PHASE_STRIP = NO;
				DEBUG_INFORMATION_FORMAT = dwarf;
				ENABLE_STRICT_OBJC_MSGSEND = YES;
				ENABLE_TESTABILITY = YES;
				GCC_C_LANGUAGE_STANDARD = gnu11;
				GCC_DYNAMIC_NO_PIC = NO;
				GCC_NO_COMMON_BLOCKS = YES;
				GCC_OPTIMIZATION_LEVEL = 0;
				GCC_PREPROCESSOR_DEFINITIONS = (
					"DEBUG=1",
					"$(inherited)",
				);
				GCC_WARN_64_TO_32_BIT_CONVERSION = YES;
				GCC_WARN_ABOUT_RETURN_TYPE = YES_ERROR;
				GCC_WARN_UNDECLARED_SELECTOR = YES;
				GCC_WARN_UNINITIALIZED_AUTOS = YES_AGGRESSIVE;
				GCC_WARN_UNUSED_FUNCTION = YES;
				GCC_WARN_UNUSED_VARIABLE = YES;
				IPHONEOS_DEPLOYMENT_TARGET = 12.1;
				MTL_ENABLE_DEBUG_INFO = INCLUDE_SOURCE;
				MTL_FAST_MATH = YES;
				ONLY_ACTIVE_ARCH = YES;
				SDKROOT = iphoneos;
				SWIFT_ACTIVE_COMPILATION_CONDITIONS = DEBUG;
				SWIFT_OPTIMIZATION_LEVEL = "-Onone";
			};
			name = Debug;
		};
		54D0022421EA0CBD003D4522 /* Release */ = {
			isa = XCBuildConfiguration;
			buildSettings = {
				ALWAYS_SEARCH_USER_PATHS = NO;
				CLANG_ANALYZER_NONNULL = YES;
				CLANG_ANALYZER_NUMBER_OBJECT_CONVERSION = YES_AGGRESSIVE;
				CLANG_CXX_LANGUAGE_STANDARD = "gnu++14";
				CLANG_CXX_LIBRARY = "libc++";
				CLANG_ENABLE_MODULES = YES;
				CLANG_ENABLE_OBJC_ARC = YES;
				CLANG_ENABLE_OBJC_WEAK = YES;
				CLANG_WARN_BLOCK_CAPTURE_AUTORELEASING = YES;
				CLANG_WARN_BOOL_CONVERSION = YES;
				CLANG_WARN_COMMA = YES;
				CLANG_WARN_CONSTANT_CONVERSION = YES;
				CLANG_WARN_DEPRECATED_OBJC_IMPLEMENTATIONS = YES;
				CLANG_WARN_DIRECT_OBJC_ISA_USAGE = YES_ERROR;
				CLANG_WARN_DOCUMENTATION_COMMENTS = YES;
				CLANG_WARN_EMPTY_BODY = YES;
				CLANG_WARN_ENUM_CONVERSION = YES;
				CLANG_WARN_INFINITE_RECURSION = YES;
				CLANG_WARN_INT_CONVERSION = YES;
				CLANG_WARN_NON_LITERAL_NULL_CONVERSION = YES;
				CLANG_WARN_OBJC_IMPLICIT_RETAIN_SELF = YES;
				CLANG_WARN_OBJC_LITERAL_CONVERSION = YES;
				CLANG_WARN_OBJC_ROOT_CLASS = YES_ERROR;
				CLANG_WARN_RANGE_LOOP_ANALYSIS = YES;
				CLANG_WARN_STRICT_PROTOTYPES = YES;
				CLANG_WARN_SUSPICIOUS_MOVE = YES;
				CLANG_WARN_UNGUARDED_AVAILABILITY = YES_AGGRESSIVE;
				CLANG_WARN_UNREACHABLE_CODE = YES;
				CLANG_WARN__DUPLICATE_METHOD_MATCH = YES;
				CODE_SIGN_IDENTITY = "iPhone Developer";
				COPY_PHASE_STRIP = NO;
				DEBUG_INFORMATION_FORMAT = "dwarf-with-dsym";
				ENABLE_NS_ASSERTIONS = NO;
				ENABLE_STRICT_OBJC_MSGSEND = YES;
				GCC_C_LANGUAGE_STANDARD = gnu11;
				GCC_NO_COMMON_BLOCKS = YES;
				GCC_WARN_64_TO_32_BIT_CONVERSION = YES;
				GCC_WARN_ABOUT_RETURN_TYPE = YES_ERROR;
				GCC_WARN_UNDECLARED_SELECTOR = YES;
				GCC_WARN_UNINITIALIZED_AUTOS = YES_AGGRESSIVE;
				GCC_WARN_UNUSED_FUNCTION = YES;
				GCC_WARN_UNUSED_VARIABLE = YES;
				IPHONEOS_DEPLOYMENT_TARGET = 12.1;
				MTL_ENABLE_DEBUG_INFO = NO;
				MTL_FAST_MATH = YES;
				SDKROOT = iphoneos;
				SWIFT_COMPILATION_MODE = wholemodule;
				SWIFT_OPTIMIZATION_LEVEL = "-O";
				VALIDATE_PRODUCT = YES;
			};
			name = Release;
		};
		54D0022621EA0CBD003D4522 /* Debug */ = {
			isa = XCBuildConfiguration;
			buildSettings = {
				ASSETCATALOG_COMPILER_APPICON_NAME = AppIcon;
				CODE_SIGN_STYLE = Automatic;
				DEVELOPMENT_TEAM = 6N277JA649;
				INFOPLIST_FILE = MagicEye/Info.plist;
				LD_RUNPATH_SEARCH_PATHS = (
					"$(inherited)",
					"@executable_path/Frameworks",
				);
				PRODUCT_BUNDLE_IDENTIFIER = de.oklemenz.MagicEye;
				PRODUCT_NAME = "$(TARGET_NAME)";
				SWIFT_VERSION = 4.2;
				TARGETED_DEVICE_FAMILY = "1,2";
			};
			name = Debug;
		};
		54D0022721EA0CBD003D4522 /* Release */ = {
			isa = XCBuildConfiguration;
			buildSettings = {
				ASSETCATALOG_COMPILER_APPICON_NAME = AppIcon;
				CODE_SIGN_STYLE = Automatic;
				DEVELOPMENT_TEAM = 6N277JA649;
				INFOPLIST_FILE = MagicEye/Info.plist;
				LD_RUNPATH_SEARCH_PATHS = (
					"$(inherited)",
					"@executable_path/Frameworks",
				);
				PRODUCT_BUNDLE_IDENTIFIER = de.oklemenz.MagicEye;
				PRODUCT_NAME = "$(TARGET_NAME)";
				SWIFT_VERSION = 4.2;
				TARGETED_DEVICE_FAMILY = "1,2";
			};
			name = Release;
		};
/* End XCBuildConfiguration section */

/* Begin XCConfigurationList section */
		54D0020E21EA0CBC003D4522 /* Build configuration list for PBXProject "MagicEye" */ = {
			isa = XCConfigurationList;
			buildConfigurations = (
				54D0022321EA0CBD003D4522 /* Debug */,
				54D0022421EA0CBD003D4522 /* Release */,
			);
			defaultConfigurationIsVisible = 0;
			defaultConfigurationName = Release;
		};
		54D0022521EA0CBD003D4522 /* Build configuration list for PBXNativeTarget "MagicEye" */ = {
			isa = XCConfigurationList;
			buildConfigurations = (
				54D0022621EA0CBD003D4522 /* Debug */,
				54D0022721EA0CBD003D4522 /* Release */,
			);
			defaultConfigurationIsVisible = 0;
			defaultConfigurationName = Release;
		};
/* End XCConfigurationList section */
	};
	rootObject = 54D0020B21EA0CBC003D4522 /* Project object */;
}
